
Microsoft Visual Studio Solution File, Format Version 12.00
# Visual Studio Version 17
VisualStudioVersion = 17.0.31903.59
MinimumVisualStudioVersion = 10.0.40219.1
Project("{FAE04EC0-301F-11D3-BF4B-00C04F79EFBC}") = "MyWorldApp.web", "MyWorldApp.web\MyWorldApp.web.csproj", "{8510E0B7-4C10-47AB-8377-3489835FE511}"
EndProject
Global
	GlobalSection(SolutionConfigurationPlatforms) = preSolution
		Debug|Any CPU = Debug|Any CPU
		Release|Any CPU = Release|Any CPU
	EndGlobalSection
	GlobalSection(SolutionProperties) = preSolution
		HideSolutionNode = FALSE
	EndGlobalSection
	GlobalSection(ProjectConfigurationPlatforms) = postSolution
		{8510E0B7-4C10-47AB-8377-3489835FE511}.Debug|Any CPU.ActiveCfg = Debug|Any CPU
		{8510E0B7-4C10-47AB-8377-3489835FE511}.Debug|Any CPU.Build.0 = Debug|Any CPU
		{8510E0B7-4C10-47AB-8377-3489835FE511}.Release|Any CPU.ActiveCfg = Release|Any CPU
		{8510E0B7-4C10-47AB-8377-3489835FE511}.Release|Any CPU.Build.0 = Release|Any CPU
	EndGlobalSection
EndGlobal
